// !$*UTF8*$!
{
	archiveVersion = 1;
	classes = {
	};
	objectVersion = 51;
	objects = {

/* Begin PBXBuildFile section */
		055F91E11ECB60F41F475790 /* Pods_GiphyAPITests.framework in Frameworks */ = {isa = PBXBuildFile; fileRef = A8B3E32D22BAFFBB09F1DAD0 /* Pods_GiphyAPITests.framework */; };
		1E4FA9F0BE0CDB2DD7D36FDE /* Pods_GiphyAPI.framework in Frameworks */ = {isa = PBXBuildFile; fileRef = A304300C9FA0C7D693C6A692 /* Pods_GiphyAPI.framework */; };
		61369B6225113E3F003451FC /* HomeTableViewCell.swift in Sources */ = {isa = PBXBuildFile; fileRef = 61369B6125113E3F003451FC /* HomeTableViewCell.swift */; };
		61369B6425113E51003451FC /* HomeTableViewCell.xib in Resources */ = {isa = PBXBuildFile; fileRef = 61369B6325113E51003451FC /* HomeTableViewCell.xib */; };
		61369B6625126C7A003451FC /* FavoritesViewController.swift in Sources */ = {isa = PBXBuildFile; fileRef = 61369B6525126C7A003451FC /* FavoritesViewController.swift */; };
		6193254E2512927A00CD2E4D /* GiphyAPI.xcdatamodeld in Sources */ = {isa = PBXBuildFile; fileRef = 6193254C2512927A00CD2E4D /* GiphyAPI.xcdatamodeld */; };
		619C5EAC25129BA6007788D6 /* FavoritesCollectionViewCell.swift in Sources */ = {isa = PBXBuildFile; fileRef = 619C5EAB25129BA6007788D6 /* FavoritesCollectionViewCell.swift */; };
		619C5EAE25129BB2007788D6 /* FavoritesCollectionViewCell.xib in Resources */ = {isa = PBXBuildFile; fileRef = 619C5EAD25129BB2007788D6 /* FavoritesCollectionViewCell.xib */; };
		61FB6CAD250EA347003C6357 /* AppDelegate.swift in Sources */ = {isa = PBXBuildFile; fileRef = 61FB6CAC250EA347003C6357 /* AppDelegate.swift */; };
		61FB6CAF250EA347003C6357 /* SceneDelegate.swift in Sources */ = {isa = PBXBuildFile; fileRef = 61FB6CAE250EA347003C6357 /* SceneDelegate.swift */; };
		61FB6CB1250EA347003C6357 /* ViewController.swift in Sources */ = {isa = PBXBuildFile; fileRef = 61FB6CB0250EA347003C6357 /* ViewController.swift */; };
		61FB6CB4250EA347003C6357 /* Main.storyboard in Resources */ = {isa = PBXBuildFile; fileRef = 61FB6CB2250EA347003C6357 /* Main.storyboard */; };
		61FB6CB6250EA34C003C6357 /* Assets.xcassets in Resources */ = {isa = PBXBuildFile; fileRef = 61FB6CB5250EA34C003C6357 /* Assets.xcassets */; };
		61FB6CB9250EA34C003C6357 /* LaunchScreen.storyboard in Resources */ = {isa = PBXBuildFile; fileRef = 61FB6CB7250EA34C003C6357 /* LaunchScreen.storyboard */; };
		61FB6CC4250EA34C003C6357 /* GiphyAPITests.swift in Sources */ = {isa = PBXBuildFile; fileRef = 61FB6CC3250EA34C003C6357 /* GiphyAPITests.swift */; };
		61FB6CCF250EB2C2003C6357 /* AppCoordinator.swift in Sources */ = {isa = PBXBuildFile; fileRef = 61FB6CCE250EB2C2003C6357 /* AppCoordinator.swift */; };
		61FB6CD2250EC39F003C6357 /* Gif.swift in Sources */ = {isa = PBXBuildFile; fileRef = 61FB6CD1250EC39F003C6357 /* Gif.swift */; };
		61FB6CD5250EF682003C6357 /* APIServices.swift in Sources */ = {isa = PBXBuildFile; fileRef = 61FB6CD4250EF682003C6357 /* APIServices.swift */; };
		61FB6CD7250EF7C1003C6357 /* APIManager.swift in Sources */ = {isa = PBXBuildFile; fileRef = 61FB6CD6250EF7C1003C6357 /* APIManager.swift */; };
		61FB6CDA250EF819003C6357 /* Constants.swift in Sources */ = {isa = PBXBuildFile; fileRef = 61FB6CD9250EF819003C6357 /* Constants.swift */; };
		61FB6CDF250F019F003C6357 /* GifViewModel.swift in Sources */ = {isa = PBXBuildFile; fileRef = 61FB6CDE250F019F003C6357 /* GifViewModel.swift */; };
		61FB6CE1250F01B6003C6357 /* GiphyDataViewModel.swift in Sources */ = {isa = PBXBuildFile; fileRef = 61FB6CE0250F01B6003C6357 /* GiphyDataViewModel.swift */; };
/* End PBXBuildFile section */

/* Begin PBXContainerItemProxy section */
		61FB6CC0250EA34C003C6357 /* PBXContainerItemProxy */ = {
			isa = PBXContainerItemProxy;
			containerPortal = 61FB6CA1250EA347003C6357 /* Project object */;
			proxyType = 1;
			remoteGlobalIDString = 61FB6CA8250EA347003C6357;
			remoteInfo = GiphyAPI;
		};
/* End PBXContainerItemProxy section */

/* Begin PBXFileReference section */
		2559C347677500A62DDB4195 /* Pods-GiphyAPI.debug.xcconfig */ = {isa = PBXFileReference; includeInIndex = 1; lastKnownFileType = text.xcconfig; name = "Pods-GiphyAPI.debug.xcconfig"; path = "Target Support Files/Pods-GiphyAPI/Pods-GiphyAPI.debug.xcconfig"; sourceTree = "<group>"; };
		61369B6125113E3F003451FC /* HomeTableViewCell.swift */ = {isa = PBXFileReference; lastKnownFileType = sourcecode.swift; path = HomeTableViewCell.swift; sourceTree = "<group>"; };
		61369B6325113E51003451FC /* HomeTableViewCell.xib */ = {isa = PBXFileReference; lastKnownFileType = file.xib; path = HomeTableViewCell.xib; sourceTree = "<group>"; };
		61369B6525126C7A003451FC /* FavoritesViewController.swift */ = {isa = PBXFileReference; lastKnownFileType = sourcecode.swift; path = FavoritesViewController.swift; sourceTree = "<group>"; };
		6193254D2512927A00CD2E4D /* GiphyAPI.xcdatamodel */ = {isa = PBXFileReference; lastKnownFileType = wrapper.xcdatamodel; path = GiphyAPI.xcdatamodel; sourceTree = "<group>"; };
		619C5EAB25129BA6007788D6 /* FavoritesCollectionViewCell.swift */ = {isa = PBXFileReference; lastKnownFileType = sourcecode.swift; path = FavoritesCollectionViewCell.swift; sourceTree = "<group>"; };
		619C5EAD25129BB2007788D6 /* FavoritesCollectionViewCell.xib */ = {isa = PBXFileReference; lastKnownFileType = file.xib; path = FavoritesCollectionViewCell.xib; sourceTree = "<group>"; };
		61FB6CA9250EA347003C6357 /* GiphyAPI.app */ = {isa = PBXFileReference; explicitFileType = wrapper.application; includeInIndex = 0; path = GiphyAPI.app; sourceTree = BUILT_PRODUCTS_DIR; };
		61FB6CAC250EA347003C6357 /* AppDelegate.swift */ = {isa = PBXFileReference; lastKnownFileType = sourcecode.swift; path = AppDelegate.swift; sourceTree = "<group>"; };
		61FB6CAE250EA347003C6357 /* SceneDelegate.swift */ = {isa = PBXFileReference; lastKnownFileType = sourcecode.swift; path = SceneDelegate.swift; sourceTree = "<group>"; };
		61FB6CB0250EA347003C6357 /* ViewController.swift */ = {isa = PBXFileReference; lastKnownFileType = sourcecode.swift; path = ViewController.swift; sourceTree = "<group>"; };
		61FB6CB3250EA347003C6357 /* Base */ = {isa = PBXFileReference; lastKnownFileType = file.storyboard; name = Base; path = Base.lproj/Main.storyboard; sourceTree = "<group>"; };
		61FB6CB5250EA34C003C6357 /* Assets.xcassets */ = {isa = PBXFileReference; lastKnownFileType = folder.assetcatalog; path = Assets.xcassets; sourceTree = "<group>"; };
		61FB6CB8250EA34C003C6357 /* Base */ = {isa = PBXFileReference; lastKnownFileType = file.storyboard; name = Base; path = Base.lproj/LaunchScreen.storyboard; sourceTree = "<group>"; };
		61FB6CBA250EA34C003C6357 /* Info.plist */ = {isa = PBXFileReference; lastKnownFileType = text.plist.xml; path = Info.plist; sourceTree = "<group>"; };
		61FB6CBF250EA34C003C6357 /* GiphyAPITests.xctest */ = {isa = PBXFileReference; explicitFileType = wrapper.cfbundle; includeInIndex = 0; path = GiphyAPITests.xctest; sourceTree = BUILT_PRODUCTS_DIR; };
		61FB6CC3250EA34C003C6357 /* GiphyAPITests.swift */ = {isa = PBXFileReference; lastKnownFileType = sourcecode.swift; path = GiphyAPITests.swift; sourceTree = "<group>"; };
		61FB6CC5250EA34C003C6357 /* Info.plist */ = {isa = PBXFileReference; lastKnownFileType = text.plist.xml; path = Info.plist; sourceTree = "<group>"; };
		61FB6CCE250EB2C2003C6357 /* AppCoordinator.swift */ = {isa = PBXFileReference; lastKnownFileType = sourcecode.swift; path = AppCoordinator.swift; sourceTree = "<group>"; };
		61FB6CD1250EC39F003C6357 /* Gif.swift */ = {isa = PBXFileReference; lastKnownFileType = sourcecode.swift; path = Gif.swift; sourceTree = "<group>"; };
		61FB6CD4250EF682003C6357 /* APIServices.swift */ = {isa = PBXFileReference; lastKnownFileType = sourcecode.swift; path = APIServices.swift; sourceTree = "<group>"; };
		61FB6CD6250EF7C1003C6357 /* APIManager.swift */ = {isa = PBXFileReference; lastKnownFileType = sourcecode.swift; path = APIManager.swift; sourceTree = "<group>"; };
		61FB6CD9250EF819003C6357 /* Constants.swift */ = {isa = PBXFileReference; lastKnownFileType = sourcecode.swift; path = Constants.swift; sourceTree = "<group>"; };
		61FB6CDE250F019F003C6357 /* GifViewModel.swift */ = {isa = PBXFileReference; lastKnownFileType = sourcecode.swift; path = GifViewModel.swift; sourceTree = "<group>"; };
		61FB6CE0250F01B6003C6357 /* GiphyDataViewModel.swift */ = {isa = PBXFileReference; lastKnownFileType = sourcecode.swift; path = GiphyDataViewModel.swift; sourceTree = "<group>"; };
		A304300C9FA0C7D693C6A692 /* Pods_GiphyAPI.framework */ = {isa = PBXFileReference; explicitFileType = wrapper.framework; includeInIndex = 0; path = Pods_GiphyAPI.framework; sourceTree = BUILT_PRODUCTS_DIR; };
		A8B3E32D22BAFFBB09F1DAD0 /* Pods_GiphyAPITests.framework */ = {isa = PBXFileReference; explicitFileType = wrapper.framework; includeInIndex = 0; path = Pods_GiphyAPITests.framework; sourceTree = BUILT_PRODUCTS_DIR; };
		ACB8804B0B92313C55E4CA8C /* Pods-GiphyAPITests.release.xcconfig */ = {isa = PBXFileReference; includeInIndex = 1; lastKnownFileType = text.xcconfig; name = "Pods-GiphyAPITests.release.xcconfig"; path = "Target Support Files/Pods-GiphyAPITests/Pods-GiphyAPITests.release.xcconfig"; sourceTree = "<group>"; };
		B1E10FC767C64C61C45FFBF3 /* Pods-GiphyAPI.release.xcconfig */ = {isa = PBXFileReference; includeInIndex = 1; lastKnownFileType = text.xcconfig; name = "Pods-GiphyAPI.release.xcconfig"; path = "Target Support Files/Pods-GiphyAPI/Pods-GiphyAPI.release.xcconfig"; sourceTree = "<group>"; };
		C5943A18FB2AE1B3367EB6F3 /* Pods-GiphyAPITests.debug.xcconfig */ = {isa = PBXFileReference; includeInIndex = 1; lastKnownFileType = text.xcconfig; name = "Pods-GiphyAPITests.debug.xcconfig"; path = "Target Support Files/Pods-GiphyAPITests/Pods-GiphyAPITests.debug.xcconfig"; sourceTree = "<group>"; };
/* End PBXFileReference section */

/* Begin PBXFrameworksBuildPhase section */
		61FB6CA6250EA347003C6357 /* Frameworks */ = {
			isa = PBXFrameworksBuildPhase;
			buildActionMask = 2147483647;
			files = (
				1E4FA9F0BE0CDB2DD7D36FDE /* Pods_GiphyAPI.framework in Frameworks */,
			);
			runOnlyForDeploymentPostprocessing = 0;
		};
		61FB6CBC250EA34C003C6357 /* Frameworks */ = {
			isa = PBXFrameworksBuildPhase;
			buildActionMask = 2147483647;
			files = (
				055F91E11ECB60F41F475790 /* Pods_GiphyAPITests.framework in Frameworks */,
			);
			runOnlyForDeploymentPostprocessing = 0;
		};
/* End PBXFrameworksBuildPhase section */

/* Begin PBXGroup section */
		61369B6025113E17003451FC /* Cells */ = {
			isa = PBXGroup;
			children = (
				61369B6125113E3F003451FC /* HomeTableViewCell.swift */,
				61369B6325113E51003451FC /* HomeTableViewCell.xib */,
				619C5EAB25129BA6007788D6 /* FavoritesCollectionViewCell.swift */,
				619C5EAD25129BB2007788D6 /* FavoritesCollectionViewCell.xib */,
			);
			path = Cells;
			sourceTree = "<group>";
		};
		61FB6CA0250EA347003C6357 = {
			isa = PBXGroup;
			children = (
				61FB6CAB250EA347003C6357 /* GiphyAPI */,
				61FB6CC2250EA34C003C6357 /* GiphyAPITests */,
				61FB6CAA250EA347003C6357 /* Products */,
				F51B5337FE40DE265247BAC5 /* Pods */,
				A2E1581E82A51CB10F4A588B /* Frameworks */,
			);
			sourceTree = "<group>";
		};
		61FB6CAA250EA347003C6357 /* Products */ = {
			isa = PBXGroup;
			children = (
				61FB6CA9250EA347003C6357 /* GiphyAPI.app */,
				61FB6CBF250EA34C003C6357 /* GiphyAPITests.xctest */,
			);
			name = Products;
			sourceTree = "<group>";
		};
		61FB6CAB250EA347003C6357 /* GiphyAPI */ = {
			isa = PBXGroup;
			children = (
				61369B6025113E17003451FC /* Cells */,
				61FB6CDB250EFE39003C6357 /* ViewModels */,
				61FB6CD8250EF80F003C6357 /* Helpers */,
				61FB6CD3250EF66E003C6357 /* Services */,
				61FB6CD0250EC357003C6357 /* Models */,
				61FB6CAC250EA347003C6357 /* AppDelegate.swift */,
				61FB6CAE250EA347003C6357 /* SceneDelegate.swift */,
				61FB6CB0250EA347003C6357 /* ViewController.swift */,
				61369B6525126C7A003451FC /* FavoritesViewController.swift */,
				61FB6CB2250EA347003C6357 /* Main.storyboard */,
				61FB6CB5250EA34C003C6357 /* Assets.xcassets */,
				61FB6CB7250EA34C003C6357 /* LaunchScreen.storyboard */,
				61FB6CBA250EA34C003C6357 /* Info.plist */,
				61FB6CCE250EB2C2003C6357 /* AppCoordinator.swift */,
				6193254C2512927A00CD2E4D /* GiphyAPI.xcdatamodeld */,
			);
			path = GiphyAPI;
			sourceTree = "<group>";
		};
		61FB6CC2250EA34C003C6357 /* GiphyAPITests */ = {
			isa = PBXGroup;
			children = (
				61FB6CC3250EA34C003C6357 /* GiphyAPITests.swift */,
				61FB6CC5250EA34C003C6357 /* Info.plist */,
			);
			path = GiphyAPITests;
			sourceTree = "<group>";
		};
		61FB6CD0250EC357003C6357 /* Models */ = {
			isa = PBXGroup;
			children = (
				61FB6CD1250EC39F003C6357 /* Gif.swift */,
			);
			path = Models;
			sourceTree = "<group>";
		};
		61FB6CD3250EF66E003C6357 /* Services */ = {
			isa = PBXGroup;
			children = (
				61FB6CD6250EF7C1003C6357 /* APIManager.swift */,
				61FB6CD4250EF682003C6357 /* APIServices.swift */,
			);
			path = Services;
			sourceTree = "<group>";
		};
		61FB6CD8250EF80F003C6357 /* Helpers */ = {
			isa = PBXGroup;
			children = (
				61FB6CD9250EF819003C6357 /* Constants.swift */,
			);
			path = Helpers;
			sourceTree = "<group>";
		};
		61FB6CDB250EFE39003C6357 /* ViewModels */ = {
			isa = PBXGroup;
			children = (
				61FB6CE0250F01B6003C6357 /* GiphyDataViewModel.swift */,
				61FB6CDE250F019F003C6357 /* GifViewModel.swift */,
			);
			path = ViewModels;
			sourceTree = "<group>";
		};
		A2E1581E82A51CB10F4A588B /* Frameworks */ = {
			isa = PBXGroup;
			children = (
				A304300C9FA0C7D693C6A692 /* Pods_GiphyAPI.framework */,
				A8B3E32D22BAFFBB09F1DAD0 /* Pods_GiphyAPITests.framework */,
			);
			name = Frameworks;
			sourceTree = "<group>";
		};
		F51B5337FE40DE265247BAC5 /* Pods */ = {
			isa = PBXGroup;
			children = (
				2559C347677500A62DDB4195 /* Pods-GiphyAPI.debug.xcconfig */,
				B1E10FC767C64C61C45FFBF3 /* Pods-GiphyAPI.release.xcconfig */,
				C5943A18FB2AE1B3367EB6F3 /* Pods-GiphyAPITests.debug.xcconfig */,
				ACB8804B0B92313C55E4CA8C /* Pods-GiphyAPITests.release.xcconfig */,
			);
			path = Pods;
			sourceTree = "<group>";
		};
/* End PBXGroup section */

/* Begin PBXNativeTarget section */
		61FB6CA8250EA347003C6357 /* GiphyAPI */ = {
			isa = PBXNativeTarget;
			buildConfigurationList = 61FB6CC8250EA34C003C6357 /* Build configuration list for PBXNativeTarget "GiphyAPI" */;
			buildPhases = (
				BB6C31CDB6EB9847DFDE6432 /* [CP] Check Pods Manifest.lock */,
				61FB6CA5250EA347003C6357 /* Sources */,
				61FB6CA6250EA347003C6357 /* Frameworks */,
				61FB6CA7250EA347003C6357 /* Resources */,
				C54FEE3B171C6159FE6527A0 /* [CP] Embed Pods Frameworks */,
			);
			buildRules = (
			);
			dependencies = (
			);
			name = GiphyAPI;
			productName = GiphyAPI;
			productReference = 61FB6CA9250EA347003C6357 /* GiphyAPI.app */;
			productType = "com.apple.product-type.application";
		};
		61FB6CBE250EA34C003C6357 /* GiphyAPITests */ = {
			isa = PBXNativeTarget;
			buildConfigurationList = 61FB6CCB250EA34C003C6357 /* Build configuration list for PBXNativeTarget "GiphyAPITests" */;
			buildPhases = (
				C25857561237902CCE82449C /* [CP] Check Pods Manifest.lock */,
				61FB6CBB250EA34C003C6357 /* Sources */,
				61FB6CBC250EA34C003C6357 /* Frameworks */,
				61FB6CBD250EA34C003C6357 /* Resources */,
				05625FB0EA58A1BC1CE8032B /* [CP] Embed Pods Frameworks */,
			);
			buildRules = (
			);
			dependencies = (
				61FB6CC1250EA34C003C6357 /* PBXTargetDependency */,
			);
			name = GiphyAPITests;
			productName = GiphyAPITests;
			productReference = 61FB6CBF250EA34C003C6357 /* GiphyAPITests.xctest */;
			productType = "com.apple.product-type.bundle.unit-test";
		};
/* End PBXNativeTarget section */

/* Begin PBXProject section */
		61FB6CA1250EA347003C6357 /* Project object */ = {
			isa = PBXProject;
			attributes = {
				LastSwiftUpdateCheck = 1160;
				LastUpgradeCheck = 1160;
				ORGANIZATIONNAME = jerryszp6116;
				TargetAttributes = {
					61FB6CA8250EA347003C6357 = {
						CreatedOnToolsVersion = 11.6;
					};
					61FB6CBE250EA34C003C6357 = {
						CreatedOnToolsVersion = 11.6;
						TestTargetID = 61FB6CA8250EA347003C6357;
					};
				};
			};
			buildConfigurationList = 61FB6CA4250EA347003C6357 /* Build configuration list for PBXProject "GiphyAPI" */;
			compatibilityVersion = "Xcode 9.3";
			developmentRegion = en;
			hasScannedForEncodings = 0;
			knownRegions = (
				en,
				Base,
			);
			mainGroup = 61FB6CA0250EA347003C6357;
			productRefGroup = 61FB6CAA250EA347003C6357 /* Products */;
			projectDirPath = "";
			projectRoot = "";
			targets = (
				61FB6CA8250EA347003C6357 /* GiphyAPI */,
				61FB6CBE250EA34C003C6357 /* GiphyAPITests */,
			);
		};
/* End PBXProject section */

/* Begin PBXResourcesBuildPhase section */
		61FB6CA7250EA347003C6357 /* Resources */ = {
			isa = PBXResourcesBuildPhase;
			buildActionMask = 2147483647;
			files = (
				61FB6CB9250EA34C003C6357 /* LaunchScreen.storyboard in Resources */,
				619C5EAE25129BB2007788D6 /* FavoritesCollectionViewCell.xib in Resources */,
				61FB6CB6250EA34C003C6357 /* Assets.xcassets in Resources */,
				61369B6425113E51003451FC /* HomeTableViewCell.xib in Resources */,
				61FB6CB4250EA347003C6357 /* Main.storyboard in Resources */,
			);
			runOnlyForDeploymentPostprocessing = 0;
		};
		61FB6CBD250EA34C003C6357 /* Resources */ = {
			isa = PBXResourcesBuildPhase;
			buildActionMask = 2147483647;
			files = (
			);
			runOnlyForDeploymentPostprocessing = 0;
		};
/* End PBXResourcesBuildPhase section */

/* Begin PBXShellScriptBuildPhase section */
		05625FB0EA58A1BC1CE8032B /* [CP] Embed Pods Frameworks */ = {
			isa = PBXShellScriptBuildPhase;
			buildActionMask = 2147483647;
			files = (
			);
			inputFileListPaths = (
				"${PODS_ROOT}/Target Support Files/Pods-GiphyAPITests/Pods-GiphyAPITests-frameworks-${CONFIGURATION}-input-files.xcfilelist",
			);
			name = "[CP] Embed Pods Frameworks";
			outputFileListPaths = (
				"${PODS_ROOT}/Target Support Files/Pods-GiphyAPITests/Pods-GiphyAPITests-frameworks-${CONFIGURATION}-output-files.xcfilelist",
			);
			runOnlyForDeploymentPostprocessing = 0;
			shellPath = /bin/sh;
			shellScript = "\"${PODS_ROOT}/Target Support Files/Pods-GiphyAPITests/Pods-GiphyAPITests-frameworks.sh\"\n";
			showEnvVarsInLog = 0;
		};
		BB6C31CDB6EB9847DFDE6432 /* [CP] Check Pods Manifest.lock */ = {
			isa = PBXShellScriptBuildPhase;
			buildActionMask = 2147483647;
			files = (
			);
			inputFileListPaths = (
			);
			inputPaths = (
				"${PODS_PODFILE_DIR_PATH}/Podfile.lock",
				"${PODS_ROOT}/Manifest.lock",
			);
			name = "[CP] Check Pods Manifest.lock";
			outputFileListPaths = (
			);
			outputPaths = (
				"$(DERIVED_FILE_DIR)/Pods-GiphyAPI-checkManifestLockResult.txt",
			);
			runOnlyForDeploymentPostprocessing = 0;
			shellPath = /bin/sh;
			shellScript = "diff \"${PODS_PODFILE_DIR_PATH}/Podfile.lock\" \"${PODS_ROOT}/Manifest.lock\" > /dev/null\nif [ $? != 0 ] ; then\n    # print error to STDERR\n    echo \"error: The sandbox is not in sync with the Podfile.lock. Run 'pod install' or update your CocoaPods installation.\" >&2\n    exit 1\nfi\n# This output is used by Xcode 'outputs' to avoid re-running this script phase.\necho \"SUCCESS\" > \"${SCRIPT_OUTPUT_FILE_0}\"\n";
			showEnvVarsInLog = 0;
		};
		C25857561237902CCE82449C /* [CP] Check Pods Manifest.lock */ = {
			isa = PBXShellScriptBuildPhase;
			buildActionMask = 2147483647;
			files = (
			);
			inputFileListPaths = (
			);
			inputPaths = (
				"${PODS_PODFILE_DIR_PATH}/Podfile.lock",
				"${PODS_ROOT}/Manifest.lock",
			);
			name = "[CP] Check Pods Manifest.lock";
			outputFileListPaths = (
			);
			outputPaths = (
				"$(DERIVED_FILE_DIR)/Pods-GiphyAPITests-checkManifestLockResult.txt",
			);
			runOnlyForDeploymentPostprocessing = 0;
			shellPath = /bin/sh;
			shellScript = "diff \"${PODS_PODFILE_DIR_PATH}/Podfile.lock\" \"${PODS_ROOT}/Manifest.lock\" > /dev/null\nif [ $? != 0 ] ; then\n    # print error to STDERR\n    echo \"error: The sandbox is not in sync with the Podfile.lock. Run 'pod install' or update your CocoaPods installation.\" >&2\n    exit 1\nfi\n# This output is used by Xcode 'outputs' to avoid re-running this script phase.\necho \"SUCCESS\" > \"${SCRIPT_OUTPUT_FILE_0}\"\n";
			showEnvVarsInLog = 0;
		};
		C54FEE3B171C6159FE6527A0 /* [CP] Embed Pods Frameworks */ = {
			isa = PBXShellScriptBuildPhase;
			buildActionMask = 2147483647;
			files = (
			);
			inputFileListPaths = (
				"${PODS_ROOT}/Target Support Files/Pods-GiphyAPI/Pods-GiphyAPI-frameworks-${CONFIGURATION}-input-files.xcfilelist",
			);
			name = "[CP] Embed Pods Frameworks";
			outputFileListPaths = (
				"${PODS_ROOT}/Target Support Files/Pods-GiphyAPI/Pods-GiphyAPI-frameworks-${CONFIGURATION}-output-files.xcfilelist",
			);
			runOnlyForDeploymentPostprocessing = 0;
			shellPath = /bin/sh;
			shellScript = "\"${PODS_ROOT}/Target Support Files/Pods-GiphyAPI/Pods-GiphyAPI-frameworks.sh\"\n";
			showEnvVarsInLog = 0;
		};
/* End PBXShellScriptBuildPhase section */

/* Begin PBXSourcesBuildPhase section */
		61FB6CA5250EA347003C6357 /* Sources */ = {
			isa = PBXSourcesBuildPhase;
			buildActionMask = 2147483647;
			files = (
				619C5EAC25129BA6007788D6 /* FavoritesCollectionViewCell.swift in Sources */,
				61FB6CCF250EB2C2003C6357 /* AppCoordinator.swift in Sources */,
				61FB6CDF250F019F003C6357 /* GifViewModel.swift in Sources */,
				61FB6CB1250EA347003C6357 /* ViewController.swift in Sources */,
				61FB6CD5250EF682003C6357 /* APIServices.swift in Sources */,
				61FB6CAD250EA347003C6357 /* AppDelegate.swift in Sources */,
				61369B6225113E3F003451FC /* HomeTableViewCell.swift in Sources */,
				6193254E2512927A00CD2E4D /* GiphyAPI.xcdatamodeld in Sources */,
				61FB6CAF250EA347003C6357 /* SceneDelegate.swift in Sources */,
				61FB6CD2250EC39F003C6357 /* Gif.swift in Sources */,
				61FB6CD7250EF7C1003C6357 /* APIManager.swift in Sources */,
				61FB6CE1250F01B6003C6357 /* GiphyDataViewModel.swift in Sources */,
				61369B6625126C7A003451FC /* FavoritesViewController.swift in Sources */,
				61FB6CDA250EF819003C6357 /* Constants.swift in Sources */,
			);
			runOnlyForDeploymentPostprocessing = 0;
		};
		61FB6CBB250EA34C003C6357 /* Sources */ = {
			isa = PBXSourcesBuildPhase;
			buildActionMask = 2147483647;
			files = (
				61FB6CC4250EA34C003C6357 /* GiphyAPITests.swift in Sources */,
			);
			runOnlyForDeploymentPostprocessing = 0;
		};
/* End PBXSourcesBuildPhase section */

/* Begin PBXTargetDependency section */
		61FB6CC1250EA34C003C6357 /* PBXTargetDependency */ = {
			isa = PBXTargetDependency;
			target = 61FB6CA8250EA347003C6357 /* GiphyAPI */;
			targetProxy = 61FB6CC0250EA34C003C6357 /* PBXContainerItemProxy */;
		};
/* End PBXTargetDependency section */

/* Begin PBXVariantGroup section */
		61FB6CB2250EA347003C6357 /* Main.storyboard */ = {
			isa = PBXVariantGroup;
			children = (
				61FB6CB3250EA347003C6357 /* Base */,
			);
			name = Main.storyboard;
			sourceTree = "<group>";
		};
		61FB6CB7250EA34C003C6357 /* LaunchScreen.storyboard */ = {
			isa = PBXVariantGroup;
			children = (
				61FB6CB8250EA34C003C6357 /* Base */,
			);
			name = LaunchScreen.storyboard;
			sourceTree = "<group>";
		};
/* End PBXVariantGroup section */

/* Begin XCBuildConfiguration section */
		61FB6CC6250EA34C003C6357 /* Debug */ = {
			isa = XCBuildConfiguration;
			buildSettings = {
				ALWAYS_SEARCH_USER_PATHS = NO;
				CLANG_ANALYZER_NONNULL = YES;
				CLANG_ANALYZER_NUMBER_OBJECT_CONVERSION = YES_AGGRESSIVE;
				CLANG_CXX_LANGUAGE_STANDARD = "gnu++14";
				CLANG_CXX_LIBRARY = "libc++";
				CLANG_ENABLE_MODULES = YES;
				CLANG_ENABLE_OBJC_ARC = YES;
				CLANG_ENABLE_OBJC_WEAK = YES;
				CLANG_WARN_BLOCK_CAPTURE_AUTORELEASING = YES;
				CLANG_WARN_BOOL_CONVERSION = YES;
				CLANG_WARN_COMMA = YES;
				CLANG_WARN_CONSTANT_CONVERSION = YES;
				CLANG_WARN_DEPRECATED_OBJC_IMPLEMENTATIONS = YES;
				CLANG_WARN_DIRECT_OBJC_ISA_USAGE = YES_ERROR;
				CLANG_WARN_DOCUMENTATION_COMMENTS = YES;
				CLANG_WARN_EMPTY_BODY = YES;
				CLANG_WARN_ENUM_CONVERSION = YES;
				CLANG_WARN_INFINITE_RECURSION = YES;
				CLANG_WARN_INT_CONVERSION = YES;
				CLANG_WARN_NON_LITERAL_NULL_CONVERSION = YES;
				CLANG_WARN_OBJC_IMPLICIT_RETAIN_SELF = YES;
				CLANG_WARN_OBJC_LITERAL_CONVERSION = YES;
				CLANG_WARN_OBJC_ROOT_CLASS = YES_ERROR;
				CLANG_WARN_RANGE_LOOP_ANALYSIS = YES;
				CLANG_WARN_STRICT_PROTOTYPES = YES;
				CLANG_WARN_SUSPICIOUS_MOVE = YES;
				CLANG_WARN_UNGUARDED_AVAILABILITY = YES_AGGRESSIVE;
				CLANG_WARN_UNREACHABLE_CODE = YES;
				CLANG_WARN__DUPLICATE_METHOD_MATCH = YES;
				COPY_PHASE_STRIP = NO;
				DEBUG_INFORMATION_FORMAT = dwarf;
				ENABLE_STRICT_OBJC_MSGSEND = YES;
				ENABLE_TESTABILITY = YES;
				GCC_C_LANGUAGE_STANDARD = gnu11;
				GCC_DYNAMIC_NO_PIC = NO;
				GCC_NO_COMMON_BLOCKS = YES;
				GCC_OPTIMIZATION_LEVEL = 0;
				GCC_PREPROCESSOR_DEFINITIONS = (
					"DEBUG=1",
					"$(inherited)",
				);
				GCC_WARN_64_TO_32_BIT_CONVERSION = YES;
				GCC_WARN_ABOUT_RETURN_TYPE = YES_ERROR;
				GCC_WARN_UNDECLARED_SELECTOR = YES;
				GCC_WARN_UNINITIALIZED_AUTOS = YES_AGGRESSIVE;
				GCC_WARN_UNUSED_FUNCTION = YES;
				GCC_WARN_UNUSED_VARIABLE = YES;
				IPHONEOS_DEPLOYMENT_TARGET = 13.6;
				MTL_ENABLE_DEBUG_INFO = INCLUDE_SOURCE;
				MTL_FAST_MATH = YES;
				ONLY_ACTIVE_ARCH = YES;
				SDKROOT = iphoneos;
				SWIFT_ACTIVE_COMPILATION_CONDITIONS = DEBUG;
				SWIFT_OPTIMIZATION_LEVEL = "-Onone";
			};
			name = Debug;
		};
		61FB6CC7250EA34C003C6357 /* Release */ = {
			isa = XCBuildConfiguration;
			buildSettings = {
				ALWAYS_SEARCH_USER_PATHS = NO;
				CLANG_ANALYZER_NONNULL = YES;
				CLANG_ANALYZER_NUMBER_OBJECT_CONVERSION = YES_AGGRESSIVE;
				CLANG_CXX_LANGUAGE_STANDARD = "gnu++14";
				CLANG_CXX_LIBRARY = "libc++";
				CLANG_ENABLE_MODULES = YES;
				CLANG_ENABLE_OBJC_ARC = YES;
				CLANG_ENABLE_OBJC_WEAK = YES;
				CLANG_WARN_BLOCK_CAPTURE_AUTORELEASING = YES;
				CLANG_WARN_BOOL_CONVERSION = YES;
				CLANG_WARN_COMMA = YES;
				CLANG_WARN_CONSTANT_CONVERSION = YES;
				CLANG_WARN_DEPRECATED_OBJC_IMPLEMENTATIONS = YES;
				CLANG_WARN_DIRECT_OBJC_ISA_USAGE = YES_ERROR;
				CLANG_WARN_DOCUMENTATION_COMMENTS = YES;
				CLANG_WARN_EMPTY_BODY = YES;
				CLANG_WARN_ENUM_CONVERSION = YES;
				CLANG_WARN_INFINITE_RECURSION = YES;
				CLANG_WARN_INT_CONVERSION = YES;
				CLANG_WARN_NON_LITERAL_NULL_CONVERSION = YES;
				CLANG_WARN_OBJC_IMPLICIT_RETAIN_SELF = YES;
				CLANG_WARN_OBJC_LITERAL_CONVERSION = YES;
				CLANG_WARN_OBJC_ROOT_CLASS = YES_ERROR;
				CLANG_WARN_RANGE_LOOP_ANALYSIS = YES;
				CLANG_WARN_STRICT_PROTOTYPES = YES;
				CLANG_WARN_SUSPICIOUS_MOVE = YES;
				CLANG_WARN_UNGUARDED_AVAILABILITY = YES_AGGRESSIVE;
				CLANG_WARN_UNREACHABLE_CODE = YES;
				CLANG_WARN__DUPLICATE_METHOD_MATCH = YES;
				COPY_PHASE_STRIP = NO;
				DEBUG_INFORMATION_FORMAT = "dwarf-with-dsym";
				ENABLE_NS_ASSERTIONS = NO;
				ENABLE_STRICT_OBJC_MSGSEND = YES;
				GCC_C_LANGUAGE_STANDARD = gnu11;
				GCC_NO_COMMON_BLOCKS = YES;
				GCC_WARN_64_TO_32_BIT_CONVERSION = YES;
				GCC_WARN_ABOUT_RETURN_TYPE = YES_ERROR;
				GCC_WARN_UNDECLARED_SELECTOR = YES;
				GCC_WARN_UNINITIALIZED_AUTOS = YES_AGGRESSIVE;
				GCC_WARN_UNUSED_FUNCTION = YES;
				GCC_WARN_UNUSED_VARIABLE = YES;
				IPHONEOS_DEPLOYMENT_TARGET = 13.6;
				MTL_ENABLE_DEBUG_INFO = NO;
				MTL_FAST_MATH = YES;
				SDKROOT = iphoneos;
				SWIFT_COMPILATION_MODE = wholemodule;
				SWIFT_OPTIMIZATION_LEVEL = "-O";
				VALIDATE_PRODUCT = YES;
			};
			name = Release;
		};
		61FB6CC9250EA34C003C6357 /* Debug */ = {
			isa = XCBuildConfiguration;
			baseConfigurationReference = 2559C347677500A62DDB4195 /* Pods-GiphyAPI.debug.xcconfig */;
			buildSettings = {
				ASSETCATALOG_COMPILER_APPICON_NAME = AppIcon;
				CODE_SIGN_STYLE = Automatic;
				DEVELOPMENT_TEAM = YET34FB6KK;
				INFOPLIST_FILE = GiphyAPI/Info.plist;
				LD_RUNPATH_SEARCH_PATHS = (
					"$(inherited)",
					"@executable_path/Frameworks",
				);
				PRODUCT_BUNDLE_IDENTIFIER = com.jerryszp6116.GiphyAPI;
				PRODUCT_NAME = "$(TARGET_NAME)";
				SWIFT_VERSION = 5.0;
				TARGETED_DEVICE_FAMILY = "1,2";
			};
			name = Debug;
		};
		61FB6CCA250EA34C003C6357 /* Release */ = {
			isa = XCBuildConfiguration;
			baseConfigurationReference = B1E10FC767C64C61C45FFBF3 /* Pods-GiphyAPI.release.xcconfig */;
			buildSettings = {
				ASSETCATALOG_COMPILER_APPICON_NAME = AppIcon;
				CODE_SIGN_STYLE = Automatic;
				DEVELOPMENT_TEAM = YET34FB6KK;
				INFOPLIST_FILE = GiphyAPI/Info.plist;
				LD_RUNPATH_SEARCH_PATHS = (
					"$(inherited)",
					"@executable_path/Frameworks",
				);
				PRODUCT_BUNDLE_IDENTIFIER = com.jerryszp6116.GiphyAPI;
				PRODUCT_NAME = "$(TARGET_NAME)";
				SWIFT_VERSION = 5.0;
				TARGETED_DEVICE_FAMILY = "1,2";
			};
			name = Release;
		};
		61FB6CCC250EA34C003C6357 /* Debug */ = {
			isa = XCBuildConfiguration;
			baseConfigurationReference = C5943A18FB2AE1B3367EB6F3 /* Pods-GiphyAPITests.debug.xcconfig */;
			buildSettings = {
				ALWAYS_EMBED_SWIFT_STANDARD_LIBRARIES = YES;
				BUNDLE_LOADER = "$(TEST_HOST)";
				CODE_SIGN_STYLE = Automatic;
				DEVELOPMENT_TEAM = YET34FB6KK;
				INFOPLIST_FILE = GiphyAPITests/Info.plist;
				IPHONEOS_DEPLOYMENT_TARGET = 13.6;
				LD_RUNPATH_SEARCH_PATHS = (
					"$(inherited)",
					"@executable_path/Frameworks",
					"@loader_path/Frameworks",
				);
				PRODUCT_BUNDLE_IDENTIFIER = com.jerryszp6116.GiphyAPITests;
				PRODUCT_NAME = "$(TARGET_NAME)";
				SWIFT_VERSION = 5.0;
				TARGETED_DEVICE_FAMILY = "1,2";
				TEST_HOST = "$(BUILT_PRODUCTS_DIR)/GiphyAPI.app/GiphyAPI";
			};
			name = Debug;
		};
		61FB6CCD250EA34C003C6357 /* Release */ = {
			isa = XCBuildConfiguration;
			baseConfigurationReference = ACB8804B0B92313C55E4CA8C /* Pods-GiphyAPITests.release.xcconfig */;
			buildSettings = {
				ALWAYS_EMBED_SWIFT_STANDARD_LIBRARIES = YES;
				BUNDLE_LOADER = "$(TEST_HOST)";
				CODE_SIGN_STYLE = Automatic;
				DEVELOPMENT_TEAM = YET34FB6KK;
				INFOPLIST_FILE = GiphyAPITests/Info.plist;
				IPHONEOS_DEPLOYMENT_TARGET = 13.6;
				LD_RUNPATH_SEARCH_PATHS = (
					"$(inherited)",
					"@executable_path/Frameworks",
					"@loader_path/Frameworks",
				);
				PRODUCT_BUNDLE_IDENTIFIER = com.jerryszp6116.GiphyAPITests;
				PRODUCT_NAME = "$(TARGET_NAME)";
				SWIFT_VERSION = 5.0;
				TARGETED_DEVICE_FAMILY = "1,2";
				TEST_HOST = "$(BUILT_PRODUCTS_DIR)/GiphyAPI.app/GiphyAPI";
			};
			name = Release;
		};
/* End XCBuildConfiguration section */

/* Begin XCConfigurationList section */
		61FB6CA4250EA347003C6357 /* Build configuration list for PBXProject "GiphyAPI" */ = {
			isa = XCConfigurationList;
			buildConfigurations = (
				61FB6CC6250EA34C003C6357 /* Debug */,
				61FB6CC7250EA34C003C6357 /* Release */,
			);
			defaultConfigurationIsVisible = 0;
			defaultConfigurationName = Release;
		};
		61FB6CC8250EA34C003C6357 /* Build configuration list for PBXNativeTarget "GiphyAPI" */ = {
			isa = XCConfigurationList;
			buildConfigurations = (
				61FB6CC9250EA34C003C6357 /* Debug */,
				61FB6CCA250EA34C003C6357 /* Release */,
			);
			defaultConfigurationIsVisible = 0;
			defaultConfigurationName = Release;
		};
		61FB6CCB250EA34C003C6357 /* Build configuration list for PBXNativeTarget "GiphyAPITests" */ = {
			isa = XCConfigurationList;
			buildConfigurations = (
				61FB6CCC250EA34C003C6357 /* Debug */,
				61FB6CCD250EA34C003C6357 /* Release */,
			);
			defaultConfigurationIsVisible = 0;
			defaultConfigurationName = Release;
		};
/* End XCConfigurationList section */

/* Begin XCVersionGroup section */
		6193254C2512927A00CD2E4D /* GiphyAPI.xcdatamodeld */ = {
			isa = XCVersionGroup;
			children = (
				6193254D2512927A00CD2E4D /* GiphyAPI.xcdatamodel */,
			);
			currentVersion = 6193254D2512927A00CD2E4D /* GiphyAPI.xcdatamodel */;
			path = GiphyAPI.xcdatamodeld;
			sourceTree = "<group>";
			versionGroupType = wrapper.xcdatamodel;
		};
/* End XCVersionGroup section */
	};
	rootObject = 61FB6CA1250EA347003C6357 /* Project object */;
}
